
Microsoft Visual Studio Solution File, Format Version 12.00
# Visual Studio Version 17
VisualStudioVersion = 17.7.34031.279
MinimumVisualStudioVersion = 10.0.40219.1
Project("{F184B08F-C81C-45F6-A57F-5ABD9991F28F}") = "10.2 Lucky Draw Simulation", "10.2 Lucky Draw Simulation.vbproj", "{A123625C-ADA9-4785-8238-4DFB39252306}"
EndProject
Global
	GlobalSection(SolutionConfigurationPlatforms) = preSolution
		Debug|Any CPU = Debug|Any CPU
		Release|Any CPU = Release|Any CPU
	EndGlobalSection
	GlobalSection(ProjectConfigurationPlatforms) = postSolution
		{A123625C-ADA9-4785-8238-4DFB39252306}.Debug|Any CPU.ActiveCfg = Debug|Any CPU
		{A123625C-ADA9-4785-8238-4DFB39252306}.Debug|Any CPU.Build.0 = Debug|Any CPU
		{A123625C-ADA9-4785-8238-4DFB39252306}.Release|Any CPU.ActiveCfg = Release|Any CPU
		{A123625C-ADA9-4785-8238-4DFB39252306}.Release|Any CPU.Build.0 = Release|Any CPU
	EndGlobalSection
	GlobalSection(SolutionProperties) = preSolution
		HideSolutionNode = FALSE
	EndGlobalSection
	GlobalSection(ExtensibilityGlobals) = postSolution
		SolutionGuid = {E545D5EE-18B6-477E-A227-CF58349A1163}
	EndGlobalSection
EndGlobal
